// !$*UTF8*$!
{
	archiveVersion = 1;
	classes = {
	};
	objectVersion = 50;
	objects = {

/* Begin PBXBuildFile section */
		93C8F7DD2613F3AD0022BE47 /* AppDelegate.swift in Sources */ = {isa = PBXBuildFile; fileRef = 93C8F7DC2613F3AD0022BE47 /* AppDelegate.swift */; };
		93C8F7DF2613F3AD0022BE47 /* SceneDelegate.swift in Sources */ = {isa = PBXBuildFile; fileRef = 93C8F7DE2613F3AD0022BE47 /* SceneDelegate.swift */; };
		93C8F7E12613F3AD0022BE47 /* ViewController.swift in Sources */ = {isa = PBXBuildFile; fileRef = 93C8F7E02613F3AD0022BE47 /* ViewController.swift */; };
		93C8F7E42613F3AD0022BE47 /* Main.storyboard in Resources */ = {isa = PBXBuildFile; fileRef = 93C8F7E22613F3AD0022BE47 /* Main.storyboard */; };
		93C8F7E62613F3AE0022BE47 /* Assets.xcassets in Resources */ = {isa = PBXBuildFile; fileRef = 93C8F7E52613F3AE0022BE47 /* Assets.xcassets */; };
		93C8F7E92613F3AE0022BE47 /* LaunchScreen.storyboard in Resources */ = {isa = PBXBuildFile; fileRef = 93C8F7E72613F3AE0022BE47 /* LaunchScreen.storyboard */; };
		93C8F7F22613F71F0022BE47 /* FirstViewController.swift in Sources */ = {isa = PBXBuildFile; fileRef = 93C8F7F12613F71F0022BE47 /* FirstViewController.swift */; };
		93C8F7F52613F7BF0022BE47 /* SecondViewController.swift in Sources */ = {isa = PBXBuildFile; fileRef = 93C8F7F42613F7BF0022BE47 /* SecondViewController.swift */; };
		93C8F7F82613F7D60022BE47 /* ThirdViewController.swift in Sources */ = {isa = PBXBuildFile; fileRef = 93C8F7F72613F7D60022BE47 /* ThirdViewController.swift */; };
/* End PBXBuildFile section */

/* Begin PBXFileReference section */
		93C8F7D92613F3AD0022BE47 /* 3種傳回的方法.app */ = {isa = PBXFileReference; explicitFileType = wrapper.application; includeInIndex = 0; path = "3種傳回的方法.app"; sourceTree = BUILT_PRODUCTS_DIR; };
		93C8F7DC2613F3AD0022BE47 /* AppDelegate.swift */ = {isa = PBXFileReference; lastKnownFileType = sourcecode.swift; path = AppDelegate.swift; sourceTree = "<group>"; };
		93C8F7DE2613F3AD0022BE47 /* SceneDelegate.swift */ = {isa = PBXFileReference; lastKnownFileType = sourcecode.swift; path = SceneDelegate.swift; sourceTree = "<group>"; };
		93C8F7E02613F3AD0022BE47 /* ViewController.swift */ = {isa = PBXFileReference; lastKnownFileType = sourcecode.swift; path = ViewController.swift; sourceTree = "<group>"; };
		93C8F7E32613F3AD0022BE47 /* Base */ = {isa = PBXFileReference; lastKnownFileType = file.storyboard; name = Base; path = Base.lproj/Main.storyboard; sourceTree = "<group>"; };
		93C8F7E52613F3AE0022BE47 /* Assets.xcassets */ = {isa = PBXFileReference; lastKnownFileType = folder.assetcatalog; path = Assets.xcassets; sourceTree = "<group>"; };
		93C8F7E82613F3AE0022BE47 /* Base */ = {isa = PBXFileReference; lastKnownFileType = file.storyboard; name = Base; path = Base.lproj/LaunchScreen.storyboard; sourceTree = "<group>"; };
		93C8F7EA2613F3AE0022BE47 /* Info.plist */ = {isa = PBXFileReference; lastKnownFileType = text.plist.xml; path = Info.plist; sourceTree = "<group>"; };
		93C8F7F12613F71F0022BE47 /* FirstViewController.swift */ = {isa = PBXFileReference; lastKnownFileType = sourcecode.swift; path = FirstViewController.swift; sourceTree = "<group>"; };
		93C8F7F42613F7BF0022BE47 /* SecondViewController.swift */ = {isa = PBXFileReference; lastKnownFileType = sourcecode.swift; path = SecondViewController.swift; sourceTree = "<group>"; };
		93C8F7F72613F7D60022BE47 /* ThirdViewController.swift */ = {isa = PBXFileReference; lastKnownFileType = sourcecode.swift; path = ThirdViewController.swift; sourceTree = "<group>"; };
/* End PBXFileReference section */

/* Begin PBXFrameworksBuildPhase section */
		93C8F7D62613F3AD0022BE47 /* Frameworks */ = {
			isa = PBXFrameworksBuildPhase;
			buildActionMask = 2147483647;
			files = (
			);
			runOnlyForDeploymentPostprocessing = 0;
		};
/* End PBXFrameworksBuildPhase section */

/* Begin PBXGroup section */
		93C8F7D02613F3AD0022BE47 = {
			isa = PBXGroup;
			children = (
				93C8F7DB2613F3AD0022BE47 /* 3種傳回的方法 */,
				93C8F7DA2613F3AD0022BE47 /* Products */,
			);
			sourceTree = "<group>";
		};
		93C8F7DA2613F3AD0022BE47 /* Products */ = {
			isa = PBXGroup;
			children = (
				93C8F7D92613F3AD0022BE47 /* 3種傳回的方法.app */,
			);
			name = Products;
			sourceTree = "<group>";
		};
		93C8F7DB2613F3AD0022BE47 /* 3種傳回的方法 */ = {
			isa = PBXGroup;
			children = (
				93C8F7DC2613F3AD0022BE47 /* AppDelegate.swift */,
				93C8F7DE2613F3AD0022BE47 /* SceneDelegate.swift */,
				93C8F7E02613F3AD0022BE47 /* ViewController.swift */,
				93C8F7E22613F3AD0022BE47 /* Main.storyboard */,
				93C8F7E52613F3AE0022BE47 /* Assets.xcassets */,
				93C8F7E72613F3AE0022BE47 /* LaunchScreen.storyboard */,
				93C8F7EA2613F3AE0022BE47 /* Info.plist */,
				93C8F7F12613F71F0022BE47 /* FirstViewController.swift */,
				93C8F7F42613F7BF0022BE47 /* SecondViewController.swift */,
				93C8F7F72613F7D60022BE47 /* ThirdViewController.swift */,
			);
			path = "3種傳回的方法";
			sourceTree = "<group>";
		};
/* End PBXGroup section */

/* Begin PBXNativeTarget section */
		93C8F7D82613F3AD0022BE47 /* 3種傳回的方法 */ = {
			isa = PBXNativeTarget;
			buildConfigurationList = 93C8F7ED2613F3AE0022BE47 /* Build configuration list for PBXNativeTarget "3種傳回的方法" */;
			buildPhases = (
				93C8F7D52613F3AD0022BE47 /* Sources */,
				93C8F7D62613F3AD0022BE47 /* Frameworks */,
				93C8F7D72613F3AD0022BE47 /* Resources */,
			);
			buildRules = (
			);
			dependencies = (
			);
			name = "3種傳回的方法";
			productName = "3種傳回的方法";
			productReference = 93C8F7D92613F3AD0022BE47 /* 3種傳回的方法.app */;
			productType = "com.apple.product-type.application";
		};
/* End PBXNativeTarget section */

/* Begin PBXProject section */
		93C8F7D12613F3AD0022BE47 /* Project object */ = {
			isa = PBXProject;
			attributes = {
				LastSwiftUpdateCheck = 1240;
				LastUpgradeCheck = 1240;
				TargetAttributes = {
					93C8F7D82613F3AD0022BE47 = {
						CreatedOnToolsVersion = 12.4;
					};
				};
			};
			buildConfigurationList = 93C8F7D42613F3AD0022BE47 /* Build configuration list for PBXProject "3種傳回的方法" */;
			compatibilityVersion = "Xcode 9.3";
			developmentRegion = en;
			hasScannedForEncodings = 0;
			knownRegions = (
				en,
				Base,
			);
			mainGroup = 93C8F7D02613F3AD0022BE47;
			productRefGroup = 93C8F7DA2613F3AD0022BE47 /* Products */;
			projectDirPath = "";
			projectRoot = "";
			targets = (
				93C8F7D82613F3AD0022BE47 /* 3種傳回的方法 */,
			);
		};
/* End PBXProject section */

/* Begin PBXResourcesBuildPhase section */
		93C8F7D72613F3AD0022BE47 /* Resources */ = {
			isa = PBXResourcesBuildPhase;
			buildActionMask = 2147483647;
			files = (
				93C8F7E92613F3AE0022BE47 /* LaunchScreen.storyboard in Resources */,
				93C8F7E62613F3AE0022BE47 /* Assets.xcassets in Resources */,
				93C8F7E42613F3AD0022BE47 /* Main.storyboard in Resources */,
			);
			runOnlyForDeploymentPostprocessing = 0;
		};
/* End PBXResourcesBuildPhase section */

/* Begin PBXSourcesBuildPhase section */
		93C8F7D52613F3AD0022BE47 /* Sources */ = {
			isa = PBXSourcesBuildPhase;
			buildActionMask = 2147483647;
			files = (
				93C8F7E12613F3AD0022BE47 /* ViewController.swift in Sources */,
				93C8F7DD2613F3AD0022BE47 /* AppDelegate.swift in Sources */,
				93C8F7DF2613F3AD0022BE47 /* SceneDelegate.swift in Sources */,
				93C8F7F52613F7BF0022BE47 /* SecondViewController.swift in Sources */,
				93C8F7F82613F7D60022BE47 /* ThirdViewController.swift in Sources */,
				93C8F7F22613F71F0022BE47 /* FirstViewController.swift in Sources */,
			);
			runOnlyForDeploymentPostprocessing = 0;
		};
/* End PBXSourcesBuildPhase section */

/* Begin PBXVariantGroup section */
		93C8F7E22613F3AD0022BE47 /* Main.storyboard */ = {
			isa = PBXVariantGroup;
			children = (
				93C8F7E32613F3AD0022BE47 /* Base */,
			);
			name = Main.storyboard;
			sourceTree = "<group>";
		};
		93C8F7E72613F3AE0022BE47 /* LaunchScreen.storyboard */ = {
			isa = PBXVariantGroup;
			children = (
				93C8F7E82613F3AE0022BE47 /* Base */,
			);
			name = LaunchScreen.storyboard;
			sourceTree = "<group>";
		};
/* End PBXVariantGroup section */

/* Begin XCBuildConfiguration section */
		93C8F7EB2613F3AE0022BE47 /* Debug */ = {
			isa = XCBuildConfiguration;
			buildSettings = {
				ALWAYS_SEARCH_USER_PATHS = NO;
				CLANG_ANALYZER_NONNULL = YES;
				CLANG_ANALYZER_NUMBER_OBJECT_CONVERSION = YES_AGGRESSIVE;
				CLANG_CXX_LANGUAGE_STANDARD = "gnu++14";
				CLANG_CXX_LIBRARY = "libc++";
				CLANG_ENABLE_MODULES = YES;
				CLANG_ENABLE_OBJC_ARC = YES;
				CLANG_ENABLE_OBJC_WEAK = YES;
				CLANG_WARN_BLOCK_CAPTURE_AUTORELEASING = YES;
				CLANG_WARN_BOOL_CONVERSION = YES;
				CLANG_WARN_COMMA = YES;
				CLANG_WARN_CONSTANT_CONVERSION = YES;
				CLANG_WARN_DEPRECATED_OBJC_IMPLEMENTATIONS = YES;
				CLANG_WARN_DIRECT_OBJC_ISA_USAGE = YES_ERROR;
				CLANG_WARN_DOCUMENTATION_COMMENTS = YES;
				CLANG_WARN_EMPTY_BODY = YES;
				CLANG_WARN_ENUM_CONVERSION = YES;
				CLANG_WARN_INFINITE_RECURSION = YES;
				CLANG_WARN_INT_CONVERSION = YES;
				CLANG_WARN_NON_LITERAL_NULL_CONVERSION = YES;
				CLANG_WARN_OBJC_IMPLICIT_RETAIN_SELF = YES;
				CLANG_WARN_OBJC_LITERAL_CONVERSION = YES;
				CLANG_WARN_OBJC_ROOT_CLASS = YES_ERROR;
				CLANG_WARN_QUOTED_INCLUDE_IN_FRAMEWORK_HEADER = YES;
				CLANG_WARN_RANGE_LOOP_ANALYSIS = YES;
				CLANG_WARN_STRICT_PROTOTYPES = YES;
				CLANG_WARN_SUSPICIOUS_MOVE = YES;
				CLANG_WARN_UNGUARDED_AVAILABILITY = YES_AGGRESSIVE;
				CLANG_WARN_UNREACHABLE_CODE = YES;
				CLANG_WARN__DUPLICATE_METHOD_MATCH = YES;
				COPY_PHASE_STRIP = NO;
				DEBUG_INFORMATION_FORMAT = dwarf;
				ENABLE_STRICT_OBJC_MSGSEND = YES;
				ENABLE_TESTABILITY = YES;
				GCC_C_LANGUAGE_STANDARD = gnu11;
				GCC_DYNAMIC_NO_PIC = NO;
				GCC_NO_COMMON_BLOCKS = YES;
				GCC_OPTIMIZATION_LEVEL = 0;
				GCC_PREPROCESSOR_DEFINITIONS = (
					"DEBUG=1",
					"$(inherited)",
				);
				GCC_WARN_64_TO_32_BIT_CONVERSION = YES;
				GCC_WARN_ABOUT_RETURN_TYPE = YES_ERROR;
				GCC_WARN_UNDECLARED_SELECTOR = YES;
				GCC_WARN_UNINITIALIZED_AUTOS = YES_AGGRESSIVE;
				GCC_WARN_UNUSED_FUNCTION = YES;
				GCC_WARN_UNUSED_VARIABLE = YES;
				IPHONEOS_DEPLOYMENT_TARGET = 14.4;
				MTL_ENABLE_DEBUG_INFO = INCLUDE_SOURCE;
				MTL_FAST_MATH = YES;
				ONLY_ACTIVE_ARCH = YES;
				SDKROOT = iphoneos;
				SWIFT_ACTIVE_COMPILATION_CONDITIONS = DEBUG;
				SWIFT_OPTIMIZATION_LEVEL = "-Onone";
			};
			name = Debug;
		};
		93C8F7EC2613F3AE0022BE47 /* Release */ = {
			isa = XCBuildConfiguration;
			buildSettings = {
				ALWAYS_SEARCH_USER_PATHS = NO;
				CLANG_ANALYZER_NONNULL = YES;
				CLANG_ANALYZER_NUMBER_OBJECT_CONVERSION = YES_AGGRESSIVE;
				CLANG_CXX_LANGUAGE_STANDARD = "gnu++14";
				CLANG_CXX_LIBRARY = "libc++";
				CLANG_ENABLE_MODULES = YES;
				CLANG_ENABLE_OBJC_ARC = YES;
				CLANG_ENABLE_OBJC_WEAK = YES;
				CLANG_WARN_BLOCK_CAPTURE_AUTORELEASING = YES;
				CLANG_WARN_BOOL_CONVERSION = YES;
				CLANG_WARN_COMMA = YES;
				CLANG_WARN_CONSTANT_CONVERSION = YES;
				CLANG_WARN_DEPRECATED_OBJC_IMPLEMENTATIONS = YES;
				CLANG_WARN_DIRECT_OBJC_ISA_USAGE = YES_ERROR;
				CLANG_WARN_DOCUMENTATION_COMMENTS = YES;
				CLANG_WARN_EMPTY_BODY = YES;
				CLANG_WARN_ENUM_CONVERSION = YES;
				CLANG_WARN_INFINITE_RECURSION = YES;
				CLANG_WARN_INT_CONVERSION = YES;
				CLANG_WARN_NON_LITERAL_NULL_CONVERSION = YES;
				CLANG_WARN_OBJC_IMPLICIT_RETAIN_SELF = YES;
				CLANG_WARN_OBJC_LITERAL_CONVERSION = YES;
				CLANG_WARN_OBJC_ROOT_CLASS = YES_ERROR;
				CLANG_WARN_QUOTED_INCLUDE_IN_FRAMEWORK_HEADER = YES;
				CLANG_WARN_RANGE_LOOP_ANALYSIS = YES;
				CLANG_WARN_STRICT_PROTOTYPES = YES;
				CLANG_WARN_SUSPICIOUS_MOVE = YES;
				CLANG_WARN_UNGUARDED_AVAILABILITY = YES_AGGRESSIVE;
				CLANG_WARN_UNREACHABLE_CODE = YES;
				CLANG_WARN__DUPLICATE_METHOD_MATCH = YES;
				COPY_PHASE_STRIP = NO;
				DEBUG_INFORMATION_FORMAT = "dwarf-with-dsym";
				ENABLE_NS_ASSERTIONS = NO;
				ENABLE_STRICT_OBJC_MSGSEND = YES;
				GCC_C_LANGUAGE_STANDARD = gnu11;
				GCC_NO_COMMON_BLOCKS = YES;
				GCC_WARN_64_TO_32_BIT_CONVERSION = YES;
				GCC_WARN_ABOUT_RETURN_TYPE = YES_ERROR;
				GCC_WARN_UNDECLARED_SELECTOR = YES;
				GCC_WARN_UNINITIALIZED_AUTOS = YES_AGGRESSIVE;
				GCC_WARN_UNUSED_FUNCTION = YES;
				GCC_WARN_UNUSED_VARIABLE = YES;
				IPHONEOS_DEPLOYMENT_TARGET = 14.4;
				MTL_ENABLE_DEBUG_INFO = NO;
				MTL_FAST_MATH = YES;
				SDKROOT = iphoneos;
				SWIFT_COMPILATION_MODE = wholemodule;
				SWIFT_OPTIMIZATION_LEVEL = "-O";
				VALIDATE_PRODUCT = YES;
			};
			name = Release;
		};
		93C8F7EE2613F3AE0022BE47 /* Debug */ = {
			isa = XCBuildConfiguration;
			buildSettings = {
				ASSETCATALOG_COMPILER_APPICON_NAME = AppIcon;
				ASSETCATALOG_COMPILER_GLOBAL_ACCENT_COLOR_NAME = AccentColor;
				CODE_SIGN_STYLE = Automatic;
				INFOPLIST_FILE = "3種傳回的方法/Info.plist";
				LD_RUNPATH_SEARCH_PATHS = (
					"$(inherited)",
					"@executable_path/Frameworks",
				);
				PRODUCT_BUNDLE_IDENTIFIER = "com.roberthsu2003.-------";
				PRODUCT_NAME = "$(TARGET_NAME)";
				SWIFT_VERSION = 5.0;
				TARGETED_DEVICE_FAMILY = "1,2";
			};
			name = Debug;
		};
		93C8F7EF2613F3AE0022BE47 /* Release */ = {
			isa = XCBuildConfiguration;
			buildSettings = {
				ASSETCATALOG_COMPILER_APPICON_NAME = AppIcon;
				ASSETCATALOG_COMPILER_GLOBAL_ACCENT_COLOR_NAME = AccentColor;
				CODE_SIGN_STYLE = Automatic;
				INFOPLIST_FILE = "3種傳回的方法/Info.plist";
				LD_RUNPATH_SEARCH_PATHS = (
					"$(inherited)",
					"@executable_path/Frameworks",
				);
				PRODUCT_BUNDLE_IDENTIFIER = "com.roberthsu2003.-------";
				PRODUCT_NAME = "$(TARGET_NAME)";
				SWIFT_VERSION = 5.0;
				TARGETED_DEVICE_FAMILY = "1,2";
			};
			name = Release;
		};
/* End XCBuildConfiguration section */

/* Begin XCConfigurationList section */
		93C8F7D42613F3AD0022BE47 /* Build configuration list for PBXProject "3種傳回的方法" */ = {
			isa = XCConfigurationList;
			buildConfigurations = (
				93C8F7EB2613F3AE0022BE47 /* Debug */,
				93C8F7EC2613F3AE0022BE47 /* Release */,
			);
			defaultConfigurationIsVisible = 0;
			defaultConfigurationName = Release;
		};
		93C8F7ED2613F3AE0022BE47 /* Build configuration list for PBXNativeTarget "3種傳回的方法" */ = {
			isa = XCConfigurationList;
			buildConfigurations = (
				93C8F7EE2613F3AE0022BE47 /* Debug */,
				93C8F7EF2613F3AE0022BE47 /* Release */,
			);
			defaultConfigurationIsVisible = 0;
			defaultConfigurationName = Release;
		};
/* End XCConfigurationList section */
	};
	rootObject = 93C8F7D12613F3AD0022BE47 /* Project object */;
}
