// !$*UTF8*$!
{
	archiveVersion = 1;
	classes = {
	};
	objectVersion = 50;
	objects = {

/* Begin PBXBuildFile section */
		93E387C225EE5690008921BF /* AppDelegate.swift in Sources */ = {isa = PBXBuildFile; fileRef = 93E387C125EE5690008921BF /* AppDelegate.swift */; };
		93E387C425EE5690008921BF /* SceneDelegate.swift in Sources */ = {isa = PBXBuildFile; fileRef = 93E387C325EE5690008921BF /* SceneDelegate.swift */; };
		93E387C625EE5690008921BF /* ViewController.swift in Sources */ = {isa = PBXBuildFile; fileRef = 93E387C525EE5690008921BF /* ViewController.swift */; };
		93E387C925EE5690008921BF /* Main.storyboard in Resources */ = {isa = PBXBuildFile; fileRef = 93E387C725EE5690008921BF /* Main.storyboard */; };
		93E387CB25EE5692008921BF /* Assets.xcassets in Resources */ = {isa = PBXBuildFile; fileRef = 93E387CA25EE5692008921BF /* Assets.xcassets */; };
		93E387CE25EE5692008921BF /* LaunchScreen.storyboard in Resources */ = {isa = PBXBuildFile; fileRef = 93E387CC25EE5692008921BF /* LaunchScreen.storyboard */; };
		93E387D725EE56EC008921BF /* citylist.plist in Resources */ = {isa = PBXBuildFile; fileRef = 93E387D625EE56EC008921BF /* citylist.plist */; };
		93E387DA25EE5BE5008921BF /* citys.db in Resources */ = {isa = PBXBuildFile; fileRef = 93E387D925EE5BE4008921BF /* citys.db */; };
		93E387DD25EE638D008921BF /* DataSource.swift in Sources */ = {isa = PBXBuildFile; fileRef = 93E387DC25EE638D008921BF /* DataSource.swift */; };
		93E387E225EE7AA6008921BF /* libsqlite3.tbd in Frameworks */ = {isa = PBXBuildFile; fileRef = 93E387E125EE7AA6008921BF /* libsqlite3.tbd */; };
/* End PBXBuildFile section */

/* Begin PBXFileReference section */
		93E387BE25EE5690008921BF /* lesson22-1.app */ = {isa = PBXFileReference; explicitFileType = wrapper.application; includeInIndex = 0; path = "lesson22-1.app"; sourceTree = BUILT_PRODUCTS_DIR; };
		93E387C125EE5690008921BF /* AppDelegate.swift */ = {isa = PBXFileReference; lastKnownFileType = sourcecode.swift; path = AppDelegate.swift; sourceTree = "<group>"; };
		93E387C325EE5690008921BF /* SceneDelegate.swift */ = {isa = PBXFileReference; lastKnownFileType = sourcecode.swift; path = SceneDelegate.swift; sourceTree = "<group>"; };
		93E387C525EE5690008921BF /* ViewController.swift */ = {isa = PBXFileReference; lastKnownFileType = sourcecode.swift; path = ViewController.swift; sourceTree = "<group>"; };
		93E387C825EE5690008921BF /* Base */ = {isa = PBXFileReference; lastKnownFileType = file.storyboard; name = Base; path = Base.lproj/Main.storyboard; sourceTree = "<group>"; };
		93E387CA25EE5692008921BF /* Assets.xcassets */ = {isa = PBXFileReference; lastKnownFileType = folder.assetcatalog; path = Assets.xcassets; sourceTree = "<group>"; };
		93E387CD25EE5692008921BF /* Base */ = {isa = PBXFileReference; lastKnownFileType = file.storyboard; name = Base; path = Base.lproj/LaunchScreen.storyboard; sourceTree = "<group>"; };
		93E387CF25EE5692008921BF /* Info.plist */ = {isa = PBXFileReference; lastKnownFileType = text.plist.xml; path = Info.plist; sourceTree = "<group>"; };
		93E387D625EE56EC008921BF /* citylist.plist */ = {isa = PBXFileReference; fileEncoding = 4; lastKnownFileType = text.plist.xml; name = citylist.plist; path = "../../../iOS行動程式基礎開發上架20堂課/第10堂課建立以表格為基礎的App/資源檔/citylist.plist"; sourceTree = "<group>"; };
		93E387D925EE5BE4008921BF /* citys.db */ = {isa = PBXFileReference; lastKnownFileType = file; path = citys.db; sourceTree = "<group>"; };
		93E387DC25EE638D008921BF /* DataSource.swift */ = {isa = PBXFileReference; lastKnownFileType = sourcecode.swift; path = DataSource.swift; sourceTree = "<group>"; };
		93E387E125EE7AA6008921BF /* libsqlite3.tbd */ = {isa = PBXFileReference; lastKnownFileType = "sourcecode.text-based-dylib-definition"; name = libsqlite3.tbd; path = usr/lib/libsqlite3.tbd; sourceTree = SDKROOT; };
/* End PBXFileReference section */

/* Begin PBXFrameworksBuildPhase section */
		93E387BB25EE5690008921BF /* Frameworks */ = {
			isa = PBXFrameworksBuildPhase;
			buildActionMask = 2147483647;
			files = (
				93E387E225EE7AA6008921BF /* libsqlite3.tbd in Frameworks */,
			);
			runOnlyForDeploymentPostprocessing = 0;
		};
/* End PBXFrameworksBuildPhase section */

/* Begin PBXGroup section */
		93E387B525EE5690008921BF = {
			isa = PBXGroup;
			children = (
				93E387C025EE5690008921BF /* lesson22-1 */,
				93E387BF25EE5690008921BF /* Products */,
				93E387E025EE7AA6008921BF /* Frameworks */,
			);
			sourceTree = "<group>";
		};
		93E387BF25EE5690008921BF /* Products */ = {
			isa = PBXGroup;
			children = (
				93E387BE25EE5690008921BF /* lesson22-1.app */,
			);
			name = Products;
			sourceTree = "<group>";
		};
		93E387C025EE5690008921BF /* lesson22-1 */ = {
			isa = PBXGroup;
			children = (
				93E387D925EE5BE4008921BF /* citys.db */,
				93E387D625EE56EC008921BF /* citylist.plist */,
				93E387C125EE5690008921BF /* AppDelegate.swift */,
				93E387C325EE5690008921BF /* SceneDelegate.swift */,
				93E387C525EE5690008921BF /* ViewController.swift */,
				93E387C725EE5690008921BF /* Main.storyboard */,
				93E387CA25EE5692008921BF /* Assets.xcassets */,
				93E387CC25EE5692008921BF /* LaunchScreen.storyboard */,
				93E387CF25EE5692008921BF /* Info.plist */,
				93E387DC25EE638D008921BF /* DataSource.swift */,
			);
			path = "lesson22-1";
			sourceTree = "<group>";
		};
		93E387E025EE7AA6008921BF /* Frameworks */ = {
			isa = PBXGroup;
			children = (
				93E387E125EE7AA6008921BF /* libsqlite3.tbd */,
			);
			name = Frameworks;
			sourceTree = "<group>";
		};
/* End PBXGroup section */

/* Begin PBXNativeTarget section */
		93E387BD25EE5690008921BF /* lesson22-1 */ = {
			isa = PBXNativeTarget;
			buildConfigurationList = 93E387D225EE5692008921BF /* Build configuration list for PBXNativeTarget "lesson22-1" */;
			buildPhases = (
				93E387BA25EE5690008921BF /* Sources */,
				93E387BB25EE5690008921BF /* Frameworks */,
				93E387BC25EE5690008921BF /* Resources */,
			);
			buildRules = (
			);
			dependencies = (
			);
			name = "lesson22-1";
			productName = "lesson22-1";
			productReference = 93E387BE25EE5690008921BF /* lesson22-1.app */;
			productType = "com.apple.product-type.application";
		};
/* End PBXNativeTarget section */

/* Begin PBXProject section */
		93E387B625EE5690008921BF /* Project object */ = {
			isa = PBXProject;
			attributes = {
				LastSwiftUpdateCheck = 1240;
				LastUpgradeCheck = 1240;
				TargetAttributes = {
					93E387BD25EE5690008921BF = {
						CreatedOnToolsVersion = 12.4;
					};
				};
			};
			buildConfigurationList = 93E387B925EE5690008921BF /* Build configuration list for PBXProject "lesson22-1" */;
			compatibilityVersion = "Xcode 9.3";
			developmentRegion = en;
			hasScannedForEncodings = 0;
			knownRegions = (
				en,
				Base,
			);
			mainGroup = 93E387B525EE5690008921BF;
			productRefGroup = 93E387BF25EE5690008921BF /* Products */;
			projectDirPath = "";
			projectRoot = "";
			targets = (
				93E387BD25EE5690008921BF /* lesson22-1 */,
			);
		};
/* End PBXProject section */

/* Begin PBXResourcesBuildPhase section */
		93E387BC25EE5690008921BF /* Resources */ = {
			isa = PBXResourcesBuildPhase;
			buildActionMask = 2147483647;
			files = (
				93E387CE25EE5692008921BF /* LaunchScreen.storyboard in Resources */,
				93E387D725EE56EC008921BF /* citylist.plist in Resources */,
				93E387DA25EE5BE5008921BF /* citys.db in Resources */,
				93E387CB25EE5692008921BF /* Assets.xcassets in Resources */,
				93E387C925EE5690008921BF /* Main.storyboard in Resources */,
			);
			runOnlyForDeploymentPostprocessing = 0;
		};
/* End PBXResourcesBuildPhase section */

/* Begin PBXSourcesBuildPhase section */
		93E387BA25EE5690008921BF /* Sources */ = {
			isa = PBXSourcesBuildPhase;
			buildActionMask = 2147483647;
			files = (
				93E387C625EE5690008921BF /* ViewController.swift in Sources */,
				93E387C225EE5690008921BF /* AppDelegate.swift in Sources */,
				93E387DD25EE638D008921BF /* DataSource.swift in Sources */,
				93E387C425EE5690008921BF /* SceneDelegate.swift in Sources */,
			);
			runOnlyForDeploymentPostprocessing = 0;
		};
/* End PBXSourcesBuildPhase section */

/* Begin PBXVariantGroup section */
		93E387C725EE5690008921BF /* Main.storyboard */ = {
			isa = PBXVariantGroup;
			children = (
				93E387C825EE5690008921BF /* Base */,
			);
			name = Main.storyboard;
			sourceTree = "<group>";
		};
		93E387CC25EE5692008921BF /* LaunchScreen.storyboard */ = {
			isa = PBXVariantGroup;
			children = (
				93E387CD25EE5692008921BF /* Base */,
			);
			name = LaunchScreen.storyboard;
			sourceTree = "<group>";
		};
/* End PBXVariantGroup section */

/* Begin XCBuildConfiguration section */
		93E387D025EE5692008921BF /* Debug */ = {
			isa = XCBuildConfiguration;
			buildSettings = {
				ALWAYS_SEARCH_USER_PATHS = NO;
				CLANG_ANALYZER_NONNULL = YES;
				CLANG_ANALYZER_NUMBER_OBJECT_CONVERSION = YES_AGGRESSIVE;
				CLANG_CXX_LANGUAGE_STANDARD = "gnu++14";
				CLANG_CXX_LIBRARY = "libc++";
				CLANG_ENABLE_MODULES = YES;
				CLANG_ENABLE_OBJC_ARC = YES;
				CLANG_ENABLE_OBJC_WEAK = YES;
				CLANG_WARN_BLOCK_CAPTURE_AUTORELEASING = YES;
				CLANG_WARN_BOOL_CONVERSION = YES;
				CLANG_WARN_COMMA = YES;
				CLANG_WARN_CONSTANT_CONVERSION = YES;
				CLANG_WARN_DEPRECATED_OBJC_IMPLEMENTATIONS = YES;
				CLANG_WARN_DIRECT_OBJC_ISA_USAGE = YES_ERROR;
				CLANG_WARN_DOCUMENTATION_COMMENTS = YES;
				CLANG_WARN_EMPTY_BODY = YES;
				CLANG_WARN_ENUM_CONVERSION = YES;
				CLANG_WARN_INFINITE_RECURSION = YES;
				CLANG_WARN_INT_CONVERSION = YES;
				CLANG_WARN_NON_LITERAL_NULL_CONVERSION = YES;
				CLANG_WARN_OBJC_IMPLICIT_RETAIN_SELF = YES;
				CLANG_WARN_OBJC_LITERAL_CONVERSION = YES;
				CLANG_WARN_OBJC_ROOT_CLASS = YES_ERROR;
				CLANG_WARN_QUOTED_INCLUDE_IN_FRAMEWORK_HEADER = YES;
				CLANG_WARN_RANGE_LOOP_ANALYSIS = YES;
				CLANG_WARN_STRICT_PROTOTYPES = YES;
				CLANG_WARN_SUSPICIOUS_MOVE = YES;
				CLANG_WARN_UNGUARDED_AVAILABILITY = YES_AGGRESSIVE;
				CLANG_WARN_UNREACHABLE_CODE = YES;
				CLANG_WARN__DUPLICATE_METHOD_MATCH = YES;
				COPY_PHASE_STRIP = NO;
				DEBUG_INFORMATION_FORMAT = dwarf;
				ENABLE_STRICT_OBJC_MSGSEND = YES;
				ENABLE_TESTABILITY = YES;
				GCC_C_LANGUAGE_STANDARD = gnu11;
				GCC_DYNAMIC_NO_PIC = NO;
				GCC_NO_COMMON_BLOCKS = YES;
				GCC_OPTIMIZATION_LEVEL = 0;
				GCC_PREPROCESSOR_DEFINITIONS = (
					"DEBUG=1",
					"$(inherited)",
				);
				GCC_WARN_64_TO_32_BIT_CONVERSION = YES;
				GCC_WARN_ABOUT_RETURN_TYPE = YES_ERROR;
				GCC_WARN_UNDECLARED_SELECTOR = YES;
				GCC_WARN_UNINITIALIZED_AUTOS = YES_AGGRESSIVE;
				GCC_WARN_UNUSED_FUNCTION = YES;
				GCC_WARN_UNUSED_VARIABLE = YES;
				IPHONEOS_DEPLOYMENT_TARGET = 14.4;
				MTL_ENABLE_DEBUG_INFO = INCLUDE_SOURCE;
				MTL_FAST_MATH = YES;
				ONLY_ACTIVE_ARCH = YES;
				SDKROOT = iphoneos;
				SWIFT_ACTIVE_COMPILATION_CONDITIONS = DEBUG;
				SWIFT_OPTIMIZATION_LEVEL = "-Onone";
			};
			name = Debug;
		};
		93E387D125EE5692008921BF /* Release */ = {
			isa = XCBuildConfiguration;
			buildSettings = {
				ALWAYS_SEARCH_USER_PATHS = NO;
				CLANG_ANALYZER_NONNULL = YES;
				CLANG_ANALYZER_NUMBER_OBJECT_CONVERSION = YES_AGGRESSIVE;
				CLANG_CXX_LANGUAGE_STANDARD = "gnu++14";
				CLANG_CXX_LIBRARY = "libc++";
				CLANG_ENABLE_MODULES = YES;
				CLANG_ENABLE_OBJC_ARC = YES;
				CLANG_ENABLE_OBJC_WEAK = YES;
				CLANG_WARN_BLOCK_CAPTURE_AUTORELEASING = YES;
				CLANG_WARN_BOOL_CONVERSION = YES;
				CLANG_WARN_COMMA = YES;
				CLANG_WARN_CONSTANT_CONVERSION = YES;
				CLANG_WARN_DEPRECATED_OBJC_IMPLEMENTATIONS = YES;
				CLANG_WARN_DIRECT_OBJC_ISA_USAGE = YES_ERROR;
				CLANG_WARN_DOCUMENTATION_COMMENTS = YES;
				CLANG_WARN_EMPTY_BODY = YES;
				CLANG_WARN_ENUM_CONVERSION = YES;
				CLANG_WARN_INFINITE_RECURSION = YES;
				CLANG_WARN_INT_CONVERSION = YES;
				CLANG_WARN_NON_LITERAL_NULL_CONVERSION = YES;
				CLANG_WARN_OBJC_IMPLICIT_RETAIN_SELF = YES;
				CLANG_WARN_OBJC_LITERAL_CONVERSION = YES;
				CLANG_WARN_OBJC_ROOT_CLASS = YES_ERROR;
				CLANG_WARN_QUOTED_INCLUDE_IN_FRAMEWORK_HEADER = YES;
				CLANG_WARN_RANGE_LOOP_ANALYSIS = YES;
				CLANG_WARN_STRICT_PROTOTYPES = YES;
				CLANG_WARN_SUSPICIOUS_MOVE = YES;
				CLANG_WARN_UNGUARDED_AVAILABILITY = YES_AGGRESSIVE;
				CLANG_WARN_UNREACHABLE_CODE = YES;
				CLANG_WARN__DUPLICATE_METHOD_MATCH = YES;
				COPY_PHASE_STRIP = NO;
				DEBUG_INFORMATION_FORMAT = "dwarf-with-dsym";
				ENABLE_NS_ASSERTIONS = NO;
				ENABLE_STRICT_OBJC_MSGSEND = YES;
				GCC_C_LANGUAGE_STANDARD = gnu11;
				GCC_NO_COMMON_BLOCKS = YES;
				GCC_WARN_64_TO_32_BIT_CONVERSION = YES;
				GCC_WARN_ABOUT_RETURN_TYPE = YES_ERROR;
				GCC_WARN_UNDECLARED_SELECTOR = YES;
				GCC_WARN_UNINITIALIZED_AUTOS = YES_AGGRESSIVE;
				GCC_WARN_UNUSED_FUNCTION = YES;
				GCC_WARN_UNUSED_VARIABLE = YES;
				IPHONEOS_DEPLOYMENT_TARGET = 14.4;
				MTL_ENABLE_DEBUG_INFO = NO;
				MTL_FAST_MATH = YES;
				SDKROOT = iphoneos;
				SWIFT_COMPILATION_MODE = wholemodule;
				SWIFT_OPTIMIZATION_LEVEL = "-O";
				VALIDATE_PRODUCT = YES;
			};
			name = Release;
		};
		93E387D325EE5692008921BF /* Debug */ = {
			isa = XCBuildConfiguration;
			buildSettings = {
				ASSETCATALOG_COMPILER_APPICON_NAME = AppIcon;
				ASSETCATALOG_COMPILER_GLOBAL_ACCENT_COLOR_NAME = AccentColor;
				CODE_SIGN_STYLE = Automatic;
				INFOPLIST_FILE = "lesson22-1/Info.plist";
				LD_RUNPATH_SEARCH_PATHS = (
					"$(inherited)",
					"@executable_path/Frameworks",
				);
				PRODUCT_BUNDLE_IDENTIFIER = "com.roberthsu2003.lesson22-1";
				PRODUCT_NAME = "$(TARGET_NAME)";
				SWIFT_VERSION = 5.0;
				TARGETED_DEVICE_FAMILY = "1,2";
			};
			name = Debug;
		};
		93E387D425EE5692008921BF /* Release */ = {
			isa = XCBuildConfiguration;
			buildSettings = {
				ASSETCATALOG_COMPILER_APPICON_NAME = AppIcon;
				ASSETCATALOG_COMPILER_GLOBAL_ACCENT_COLOR_NAME = AccentColor;
				CODE_SIGN_STYLE = Automatic;
				INFOPLIST_FILE = "lesson22-1/Info.plist";
				LD_RUNPATH_SEARCH_PATHS = (
					"$(inherited)",
					"@executable_path/Frameworks",
				);
				PRODUCT_BUNDLE_IDENTIFIER = "com.roberthsu2003.lesson22-1";
				PRODUCT_NAME = "$(TARGET_NAME)";
				SWIFT_VERSION = 5.0;
				TARGETED_DEVICE_FAMILY = "1,2";
			};
			name = Release;
		};
/* End XCBuildConfiguration section */

/* Begin XCConfigurationList section */
		93E387B925EE5690008921BF /* Build configuration list for PBXProject "lesson22-1" */ = {
			isa = XCConfigurationList;
			buildConfigurations = (
				93E387D025EE5692008921BF /* Debug */,
				93E387D125EE5692008921BF /* Release */,
			);
			defaultConfigurationIsVisible = 0;
			defaultConfigurationName = Release;
		};
		93E387D225EE5692008921BF /* Build configuration list for PBXNativeTarget "lesson22-1" */ = {
			isa = XCConfigurationList;
			buildConfigurations = (
				93E387D325EE5692008921BF /* Debug */,
				93E387D425EE5692008921BF /* Release */,
			);
			defaultConfigurationIsVisible = 0;
			defaultConfigurationName = Release;
		};
/* End XCConfigurationList section */
	};
	rootObject = 93E387B625EE5690008921BF /* Project object */;
}
