// !$*UTF8*$!
{
	archiveVersion = 1;
	classes = {
	};
	objectVersion = 56;
	objects = {

/* Begin PBXBuildFile section */
		8EC0DA582B68C2CB00773F39 /* AppDelegate.swift in Sources */ = {isa = PBXBuildFile; fileRef = 8EC0DA572B68C2CB00773F39 /* AppDelegate.swift */; };
		8EC0DA5A2B68C2CB00773F39 /* SceneDelegate.swift in Sources */ = {isa = PBXBuildFile; fileRef = 8EC0DA592B68C2CB00773F39 /* SceneDelegate.swift */; };
		8EC0DA5C2B68C2CB00773F39 /* ViewController.swift in Sources */ = {isa = PBXBuildFile; fileRef = 8EC0DA5B2B68C2CB00773F39 /* ViewController.swift */; };
		8EC0DA5F2B68C2CB00773F39 /* Main.storyboard in Resources */ = {isa = PBXBuildFile; fileRef = 8EC0DA5D2B68C2CB00773F39 /* Main.storyboard */; };
		8EC0DA612B68C2CC00773F39 /* Assets.xcassets in Resources */ = {isa = PBXBuildFile; fileRef = 8EC0DA602B68C2CC00773F39 /* Assets.xcassets */; };
		8EC0DA642B68C2CC00773F39 /* LaunchScreen.storyboard in Resources */ = {isa = PBXBuildFile; fileRef = 8EC0DA622B68C2CC00773F39 /* LaunchScreen.storyboard */; };
		8EC0DA6C2B68C32500773F39 /* inance-html in Resources */ = {isa = PBXBuildFile; fileRef = 8EC0DA6B2B68C32500773F39 /* inance-html */; };
		8EC0DA6E2B68C61500773F39 /* WebViewController.swift in Sources */ = {isa = PBXBuildFile; fileRef = 8EC0DA6D2B68C61500773F39 /* WebViewController.swift */; };
/* End PBXBuildFile section */

/* Begin PBXFileReference section */
		8EC0DA542B68C2CB00773F39 /* 2lesson14_1.app */ = {isa = PBXFileReference; explicitFileType = wrapper.application; includeInIndex = 0; path = 2lesson14_1.app; sourceTree = BUILT_PRODUCTS_DIR; };
		8EC0DA572B68C2CB00773F39 /* AppDelegate.swift */ = {isa = PBXFileReference; lastKnownFileType = sourcecode.swift; path = AppDelegate.swift; sourceTree = "<group>"; };
		8EC0DA592B68C2CB00773F39 /* SceneDelegate.swift */ = {isa = PBXFileReference; lastKnownFileType = sourcecode.swift; path = SceneDelegate.swift; sourceTree = "<group>"; };
		8EC0DA5B2B68C2CB00773F39 /* ViewController.swift */ = {isa = PBXFileReference; lastKnownFileType = sourcecode.swift; path = ViewController.swift; sourceTree = "<group>"; };
		8EC0DA5E2B68C2CB00773F39 /* Base */ = {isa = PBXFileReference; lastKnownFileType = file.storyboard; name = Base; path = Base.lproj/Main.storyboard; sourceTree = "<group>"; };
		8EC0DA602B68C2CC00773F39 /* Assets.xcassets */ = {isa = PBXFileReference; lastKnownFileType = folder.assetcatalog; path = Assets.xcassets; sourceTree = "<group>"; };
		8EC0DA632B68C2CC00773F39 /* Base */ = {isa = PBXFileReference; lastKnownFileType = file.storyboard; name = Base; path = Base.lproj/LaunchScreen.storyboard; sourceTree = "<group>"; };
		8EC0DA652B68C2CC00773F39 /* Info.plist */ = {isa = PBXFileReference; lastKnownFileType = text.plist.xml; path = Info.plist; sourceTree = "<group>"; };
		8EC0DA6B2B68C32500773F39 /* inance-html */ = {isa = PBXFileReference; fileEncoding = 4; lastKnownFileType = text; path = "inance-html"; sourceTree = SOURCE_ROOT; };
		8EC0DA6D2B68C61500773F39 /* WebViewController.swift */ = {isa = PBXFileReference; lastKnownFileType = sourcecode.swift; path = WebViewController.swift; sourceTree = "<group>"; };
/* End PBXFileReference section */

/* Begin PBXFrameworksBuildPhase section */
		8EC0DA512B68C2CB00773F39 /* Frameworks */ = {
			isa = PBXFrameworksBuildPhase;
			buildActionMask = 2147483647;
			files = (
			);
			runOnlyForDeploymentPostprocessing = 0;
		};
/* End PBXFrameworksBuildPhase section */

/* Begin PBXGroup section */
		8EC0DA4B2B68C2CB00773F39 = {
			isa = PBXGroup;
			children = (
				8EC0DA562B68C2CB00773F39 /* 2lesson14_1 */,
				8EC0DA552B68C2CB00773F39 /* Products */,
			);
			sourceTree = "<group>";
		};
		8EC0DA552B68C2CB00773F39 /* Products */ = {
			isa = PBXGroup;
			children = (
				8EC0DA542B68C2CB00773F39 /* 2lesson14_1.app */,
			);
			name = Products;
			sourceTree = "<group>";
		};
		8EC0DA562B68C2CB00773F39 /* 2lesson14_1 */ = {
			isa = PBXGroup;
			children = (
				8EC0DA6B2B68C32500773F39 /* inance-html */,
				8EC0DA572B68C2CB00773F39 /* AppDelegate.swift */,
				8EC0DA592B68C2CB00773F39 /* SceneDelegate.swift */,
				8EC0DA5B2B68C2CB00773F39 /* ViewController.swift */,
				8EC0DA5D2B68C2CB00773F39 /* Main.storyboard */,
				8EC0DA602B68C2CC00773F39 /* Assets.xcassets */,
				8EC0DA622B68C2CC00773F39 /* LaunchScreen.storyboard */,
				8EC0DA652B68C2CC00773F39 /* Info.plist */,
				8EC0DA6D2B68C61500773F39 /* WebViewController.swift */,
			);
			path = 2lesson14_1;
			sourceTree = "<group>";
		};
/* End PBXGroup section */

/* Begin PBXNativeTarget section */
		8EC0DA532B68C2CB00773F39 /* 2lesson14_1 */ = {
			isa = PBXNativeTarget;
			buildConfigurationList = 8EC0DA682B68C2CC00773F39 /* Build configuration list for PBXNativeTarget "2lesson14_1" */;
			buildPhases = (
				8EC0DA502B68C2CB00773F39 /* Sources */,
				8EC0DA512B68C2CB00773F39 /* Frameworks */,
				8EC0DA522B68C2CB00773F39 /* Resources */,
			);
			buildRules = (
			);
			dependencies = (
			);
			name = 2lesson14_1;
			productName = 2lesson14_1;
			productReference = 8EC0DA542B68C2CB00773F39 /* 2lesson14_1.app */;
			productType = "com.apple.product-type.application";
		};
/* End PBXNativeTarget section */

/* Begin PBXProject section */
		8EC0DA4C2B68C2CB00773F39 /* Project object */ = {
			isa = PBXProject;
			attributes = {
				BuildIndependentTargetsInParallel = 1;
				LastSwiftUpdateCheck = 1520;
				LastUpgradeCheck = 1520;
				TargetAttributes = {
					8EC0DA532B68C2CB00773F39 = {
						CreatedOnToolsVersion = 15.2;
					};
				};
			};
			buildConfigurationList = 8EC0DA4F2B68C2CB00773F39 /* Build configuration list for PBXProject "2lesson14_1" */;
			compatibilityVersion = "Xcode 14.0";
			developmentRegion = en;
			hasScannedForEncodings = 0;
			knownRegions = (
				en,
				Base,
			);
			mainGroup = 8EC0DA4B2B68C2CB00773F39;
			productRefGroup = 8EC0DA552B68C2CB00773F39 /* Products */;
			projectDirPath = "";
			projectRoot = "";
			targets = (
				8EC0DA532B68C2CB00773F39 /* 2lesson14_1 */,
			);
		};
/* End PBXProject section */

/* Begin PBXResourcesBuildPhase section */
		8EC0DA522B68C2CB00773F39 /* Resources */ = {
			isa = PBXResourcesBuildPhase;
			buildActionMask = 2147483647;
			files = (
				8EC0DA642B68C2CC00773F39 /* LaunchScreen.storyboard in Resources */,
				8EC0DA612B68C2CC00773F39 /* Assets.xcassets in Resources */,
				8EC0DA5F2B68C2CB00773F39 /* Main.storyboard in Resources */,
				8EC0DA6C2B68C32500773F39 /* inance-html in Resources */,
			);
			runOnlyForDeploymentPostprocessing = 0;
		};
/* End PBXResourcesBuildPhase section */

/* Begin PBXSourcesBuildPhase section */
		8EC0DA502B68C2CB00773F39 /* Sources */ = {
			isa = PBXSourcesBuildPhase;
			buildActionMask = 2147483647;
			files = (
				8EC0DA5C2B68C2CB00773F39 /* ViewController.swift in Sources */,
				8EC0DA582B68C2CB00773F39 /* AppDelegate.swift in Sources */,
				8EC0DA5A2B68C2CB00773F39 /* SceneDelegate.swift in Sources */,
				8EC0DA6E2B68C61500773F39 /* WebViewController.swift in Sources */,
			);
			runOnlyForDeploymentPostprocessing = 0;
		};
/* End PBXSourcesBuildPhase section */

/* Begin PBXVariantGroup section */
		8EC0DA5D2B68C2CB00773F39 /* Main.storyboard */ = {
			isa = PBXVariantGroup;
			children = (
				8EC0DA5E2B68C2CB00773F39 /* Base */,
			);
			name = Main.storyboard;
			sourceTree = "<group>";
		};
		8EC0DA622B68C2CC00773F39 /* LaunchScreen.storyboard */ = {
			isa = PBXVariantGroup;
			children = (
				8EC0DA632B68C2CC00773F39 /* Base */,
			);
			name = LaunchScreen.storyboard;
			sourceTree = "<group>";
		};
/* End PBXVariantGroup section */

/* Begin XCBuildConfiguration section */
		8EC0DA662B68C2CC00773F39 /* Debug */ = {
			isa = XCBuildConfiguration;
			buildSettings = {
				ALWAYS_SEARCH_USER_PATHS = NO;
				ASSETCATALOG_COMPILER_GENERATE_SWIFT_ASSET_SYMBOL_EXTENSIONS = YES;
				CLANG_ANALYZER_NONNULL = YES;
				CLANG_ANALYZER_NUMBER_OBJECT_CONVERSION = YES_AGGRESSIVE;
				CLANG_CXX_LANGUAGE_STANDARD = "gnu++20";
				CLANG_ENABLE_MODULES = YES;
				CLANG_ENABLE_OBJC_ARC = YES;
				CLANG_ENABLE_OBJC_WEAK = YES;
				CLANG_WARN_BLOCK_CAPTURE_AUTORELEASING = YES;
				CLANG_WARN_BOOL_CONVERSION = YES;
				CLANG_WARN_COMMA = YES;
				CLANG_WARN_CONSTANT_CONVERSION = YES;
				CLANG_WARN_DEPRECATED_OBJC_IMPLEMENTATIONS = YES;
				CLANG_WARN_DIRECT_OBJC_ISA_USAGE = YES_ERROR;
				CLANG_WARN_DOCUMENTATION_COMMENTS = YES;
				CLANG_WARN_EMPTY_BODY = YES;
				CLANG_WARN_ENUM_CONVERSION = YES;
				CLANG_WARN_INFINITE_RECURSION = YES;
				CLANG_WARN_INT_CONVERSION = YES;
				CLANG_WARN_NON_LITERAL_NULL_CONVERSION = YES;
				CLANG_WARN_OBJC_IMPLICIT_RETAIN_SELF = YES;
				CLANG_WARN_OBJC_LITERAL_CONVERSION = YES;
				CLANG_WARN_OBJC_ROOT_CLASS = YES_ERROR;
				CLANG_WARN_QUOTED_INCLUDE_IN_FRAMEWORK_HEADER = YES;
				CLANG_WARN_RANGE_LOOP_ANALYSIS = YES;
				CLANG_WARN_STRICT_PROTOTYPES = YES;
				CLANG_WARN_SUSPICIOUS_MOVE = YES;
				CLANG_WARN_UNGUARDED_AVAILABILITY = YES_AGGRESSIVE;
				CLANG_WARN_UNREACHABLE_CODE = YES;
				CLANG_WARN__DUPLICATE_METHOD_MATCH = YES;
				COPY_PHASE_STRIP = NO;
				DEBUG_INFORMATION_FORMAT = dwarf;
				ENABLE_STRICT_OBJC_MSGSEND = YES;
				ENABLE_TESTABILITY = YES;
				ENABLE_USER_SCRIPT_SANDBOXING = YES;
				GCC_C_LANGUAGE_STANDARD = gnu17;
				GCC_DYNAMIC_NO_PIC = NO;
				GCC_NO_COMMON_BLOCKS = YES;
				GCC_OPTIMIZATION_LEVEL = 0;
				GCC_PREPROCESSOR_DEFINITIONS = (
					"DEBUG=1",
					"$(inherited)",
				);
				GCC_WARN_64_TO_32_BIT_CONVERSION = YES;
				GCC_WARN_ABOUT_RETURN_TYPE = YES_ERROR;
				GCC_WARN_UNDECLARED_SELECTOR = YES;
				GCC_WARN_UNINITIALIZED_AUTOS = YES_AGGRESSIVE;
				GCC_WARN_UNUSED_FUNCTION = YES;
				GCC_WARN_UNUSED_VARIABLE = YES;
				IPHONEOS_DEPLOYMENT_TARGET = 17.2;
				LOCALIZATION_PREFERS_STRING_CATALOGS = YES;
				MTL_ENABLE_DEBUG_INFO = INCLUDE_SOURCE;
				MTL_FAST_MATH = YES;
				ONLY_ACTIVE_ARCH = YES;
				SDKROOT = iphoneos;
				SWIFT_ACTIVE_COMPILATION_CONDITIONS = "DEBUG $(inherited)";
				SWIFT_OPTIMIZATION_LEVEL = "-Onone";
			};
			name = Debug;
		};
		8EC0DA672B68C2CC00773F39 /* Release */ = {
			isa = XCBuildConfiguration;
			buildSettings = {
				ALWAYS_SEARCH_USER_PATHS = NO;
				ASSETCATALOG_COMPILER_GENERATE_SWIFT_ASSET_SYMBOL_EXTENSIONS = YES;
				CLANG_ANALYZER_NONNULL = YES;
				CLANG_ANALYZER_NUMBER_OBJECT_CONVERSION = YES_AGGRESSIVE;
				CLANG_CXX_LANGUAGE_STANDARD = "gnu++20";
				CLANG_ENABLE_MODULES = YES;
				CLANG_ENABLE_OBJC_ARC = YES;
				CLANG_ENABLE_OBJC_WEAK = YES;
				CLANG_WARN_BLOCK_CAPTURE_AUTORELEASING = YES;
				CLANG_WARN_BOOL_CONVERSION = YES;
				CLANG_WARN_COMMA = YES;
				CLANG_WARN_CONSTANT_CONVERSION = YES;
				CLANG_WARN_DEPRECATED_OBJC_IMPLEMENTATIONS = YES;
				CLANG_WARN_DIRECT_OBJC_ISA_USAGE = YES_ERROR;
				CLANG_WARN_DOCUMENTATION_COMMENTS = YES;
				CLANG_WARN_EMPTY_BODY = YES;
				CLANG_WARN_ENUM_CONVERSION = YES;
				CLANG_WARN_INFINITE_RECURSION = YES;
				CLANG_WARN_INT_CONVERSION = YES;
				CLANG_WARN_NON_LITERAL_NULL_CONVERSION = YES;
				CLANG_WARN_OBJC_IMPLICIT_RETAIN_SELF = YES;
				CLANG_WARN_OBJC_LITERAL_CONVERSION = YES;
				CLANG_WARN_OBJC_ROOT_CLASS = YES_ERROR;
				CLANG_WARN_QUOTED_INCLUDE_IN_FRAMEWORK_HEADER = YES;
				CLANG_WARN_RANGE_LOOP_ANALYSIS = YES;
				CLANG_WARN_STRICT_PROTOTYPES = YES;
				CLANG_WARN_SUSPICIOUS_MOVE = YES;
				CLANG_WARN_UNGUARDED_AVAILABILITY = YES_AGGRESSIVE;
				CLANG_WARN_UNREACHABLE_CODE = YES;
				CLANG_WARN__DUPLICATE_METHOD_MATCH = YES;
				COPY_PHASE_STRIP = NO;
				DEBUG_INFORMATION_FORMAT = "dwarf-with-dsym";
				ENABLE_NS_ASSERTIONS = NO;
				ENABLE_STRICT_OBJC_MSGSEND = YES;
				ENABLE_USER_SCRIPT_SANDBOXING = YES;
				GCC_C_LANGUAGE_STANDARD = gnu17;
				GCC_NO_COMMON_BLOCKS = YES;
				GCC_WARN_64_TO_32_BIT_CONVERSION = YES;
				GCC_WARN_ABOUT_RETURN_TYPE = YES_ERROR;
				GCC_WARN_UNDECLARED_SELECTOR = YES;
				GCC_WARN_UNINITIALIZED_AUTOS = YES_AGGRESSIVE;
				GCC_WARN_UNUSED_FUNCTION = YES;
				GCC_WARN_UNUSED_VARIABLE = YES;
				IPHONEOS_DEPLOYMENT_TARGET = 17.2;
				LOCALIZATION_PREFERS_STRING_CATALOGS = YES;
				MTL_ENABLE_DEBUG_INFO = NO;
				MTL_FAST_MATH = YES;
				SDKROOT = iphoneos;
				SWIFT_COMPILATION_MODE = wholemodule;
				VALIDATE_PRODUCT = YES;
			};
			name = Release;
		};
		8EC0DA692B68C2CC00773F39 /* Debug */ = {
			isa = XCBuildConfiguration;
			buildSettings = {
				ASSETCATALOG_COMPILER_APPICON_NAME = AppIcon;
				ASSETCATALOG_COMPILER_GLOBAL_ACCENT_COLOR_NAME = AccentColor;
				CODE_SIGN_IDENTITY = "Apple Development";
				CODE_SIGN_STYLE = Automatic;
				CURRENT_PROJECT_VERSION = 1;
				DEVELOPMENT_TEAM = XGZJX339KV;
				GENERATE_INFOPLIST_FILE = YES;
				INFOPLIST_FILE = 2lesson14_1/Info.plist;
				INFOPLIST_KEY_UIApplicationSupportsIndirectInputEvents = YES;
				INFOPLIST_KEY_UILaunchStoryboardName = LaunchScreen;
				INFOPLIST_KEY_UIMainStoryboardFile = Main;
				INFOPLIST_KEY_UISupportedInterfaceOrientations_iPad = "UIInterfaceOrientationPortrait UIInterfaceOrientationPortraitUpsideDown UIInterfaceOrientationLandscapeLeft UIInterfaceOrientationLandscapeRight";
				INFOPLIST_KEY_UISupportedInterfaceOrientations_iPhone = "UIInterfaceOrientationPortrait UIInterfaceOrientationLandscapeLeft UIInterfaceOrientationLandscapeRight";
				IPHONEOS_DEPLOYMENT_TARGET = 17.2;
				LD_RUNPATH_SEARCH_PATHS = (
					"$(inherited)",
					"@executable_path/Frameworks",
				);
				MARKETING_VERSION = 1.0;
				PRODUCT_BUNDLE_IDENTIFIER = "com.roberthsu2003.-lesson14-1";
				PRODUCT_NAME = "$(TARGET_NAME)";
				PROVISIONING_PROFILE_SPECIFIER = "";
				SWIFT_EMIT_LOC_STRINGS = YES;
				SWIFT_VERSION = 5.0;
				TARGETED_DEVICE_FAMILY = "1,2";
			};
			name = Debug;
		};
		8EC0DA6A2B68C2CC00773F39 /* Release */ = {
			isa = XCBuildConfiguration;
			buildSettings = {
				ASSETCATALOG_COMPILER_APPICON_NAME = AppIcon;
				ASSETCATALOG_COMPILER_GLOBAL_ACCENT_COLOR_NAME = AccentColor;
				CODE_SIGN_IDENTITY = "Apple Development";
				CODE_SIGN_STYLE = Automatic;
				CURRENT_PROJECT_VERSION = 1;
				DEVELOPMENT_TEAM = XGZJX339KV;
				GENERATE_INFOPLIST_FILE = YES;
				INFOPLIST_FILE = 2lesson14_1/Info.plist;
				INFOPLIST_KEY_UIApplicationSupportsIndirectInputEvents = YES;
				INFOPLIST_KEY_UILaunchStoryboardName = LaunchScreen;
				INFOPLIST_KEY_UIMainStoryboardFile = Main;
				INFOPLIST_KEY_UISupportedInterfaceOrientations_iPad = "UIInterfaceOrientationPortrait UIInterfaceOrientationPortraitUpsideDown UIInterfaceOrientationLandscapeLeft UIInterfaceOrientationLandscapeRight";
				INFOPLIST_KEY_UISupportedInterfaceOrientations_iPhone = "UIInterfaceOrientationPortrait UIInterfaceOrientationLandscapeLeft UIInterfaceOrientationLandscapeRight";
				IPHONEOS_DEPLOYMENT_TARGET = 17.2;
				LD_RUNPATH_SEARCH_PATHS = (
					"$(inherited)",
					"@executable_path/Frameworks",
				);
				MARKETING_VERSION = 1.0;
				PRODUCT_BUNDLE_IDENTIFIER = "com.roberthsu2003.-lesson14-1";
				PRODUCT_NAME = "$(TARGET_NAME)";
				PROVISIONING_PROFILE_SPECIFIER = "";
				SWIFT_EMIT_LOC_STRINGS = YES;
				SWIFT_VERSION = 5.0;
				TARGETED_DEVICE_FAMILY = "1,2";
			};
			name = Release;
		};
/* End XCBuildConfiguration section */

/* Begin XCConfigurationList section */
		8EC0DA4F2B68C2CB00773F39 /* Build configuration list for PBXProject "2lesson14_1" */ = {
			isa = XCConfigurationList;
			buildConfigurations = (
				8EC0DA662B68C2CC00773F39 /* Debug */,
				8EC0DA672B68C2CC00773F39 /* Release */,
			);
			defaultConfigurationIsVisible = 0;
			defaultConfigurationName = Release;
		};
		8EC0DA682B68C2CC00773F39 /* Build configuration list for PBXNativeTarget "2lesson14_1" */ = {
			isa = XCConfigurationList;
			buildConfigurations = (
				8EC0DA692B68C2CC00773F39 /* Debug */,
				8EC0DA6A2B68C2CC00773F39 /* Release */,
			);
			defaultConfigurationIsVisible = 0;
			defaultConfigurationName = Release;
		};
/* End XCConfigurationList section */
	};
	rootObject = 8EC0DA4C2B68C2CB00773F39 /* Project object */;
}
